
Microsoft Visual Studio Solution File, Format Version 12.00
# Visual Studio Version 17
VisualStudioVersion = 17.3.32825.248
MinimumVisualStudioVersion = 10.0.40219.1
Project("{FAE04EC0-301F-11D3-BF4B-00C04F79EFBC}") = "Task1", "Task1\Task1.csproj", "{57C02B00-B79A-430F-8A26-5C13287D02D0}"
EndProject
Project("{FAE04EC0-301F-11D3-BF4B-00C04F79EFBC}") = "Task2", "Task2\Task2.csproj", "{D6CC3BBD-502D-4899-9916-E01FC91864D5}"
EndProject
Project("{FAE04EC0-301F-11D3-BF4B-00C04F79EFBC}") = "Task3", "Task3\Task3.csproj", "{F4EC9264-437F-4BD5-8F54-348E72B2733D}"
Project("{FAE04EC0-301F-11D3-BF4B-00C04F79EFBC}") = "HomeWork7", "HomeWork7\HomeWork7.csproj", "{53F37F41-989B-4938-88F9-E80BBCC33FC1}"

EndProject
Global
	GlobalSection(SolutionConfigurationPlatforms) = preSolution
		Debug|Any CPU = Debug|Any CPU
		Release|Any CPU = Release|Any CPU
	EndGlobalSection
	GlobalSection(ProjectConfigurationPlatforms) = postSolution
		{57C02B00-B79A-430F-8A26-5C13287D02D0}.Debug|Any CPU.ActiveCfg = Debug|Any CPU
		{57C02B00-B79A-430F-8A26-5C13287D02D0}.Debug|Any CPU.Build.0 = Debug|Any CPU
		{57C02B00-B79A-430F-8A26-5C13287D02D0}.Release|Any CPU.ActiveCfg = Release|Any CPU
		{57C02B00-B79A-430F-8A26-5C13287D02D0}.Release|Any CPU.Build.0 = Release|Any CPU
		{D6CC3BBD-502D-4899-9916-E01FC91864D5}.Debug|Any CPU.ActiveCfg = Debug|Any CPU
		{D6CC3BBD-502D-4899-9916-E01FC91864D5}.Debug|Any CPU.Build.0 = Debug|Any CPU
		{D6CC3BBD-502D-4899-9916-E01FC91864D5}.Release|Any CPU.ActiveCfg = Release|Any CPU
		{D6CC3BBD-502D-4899-9916-E01FC91864D5}.Release|Any CPU.Build.0 = Release|Any CPU
		{F4EC9264-437F-4BD5-8F54-348E72B2733D}.Debug|Any CPU.ActiveCfg = Debug|Any CPU
		{F4EC9264-437F-4BD5-8F54-348E72B2733D}.Debug|Any CPU.Build.0 = Debug|Any CPU
		{F4EC9264-437F-4BD5-8F54-348E72B2733D}.Release|Any CPU.ActiveCfg = Release|Any CPU
		{F4EC9264-437F-4BD5-8F54-348E72B2733D}.Release|Any CPU.Build.0 = Release|Any CPU
	EndGlobalSection
	GlobalSection(SolutionProperties) = preSolution
		HideSolutionNode = FALSE
	EndGlobalSection
	GlobalSection(ExtensibilityGlobals) = postSolution
		SolutionGuid = {BCEDC812-1616-476D-81AC-64FA9F809587}
		{53F37F41-989B-4938-88F9-E80BBCC33FC1}.Debug|Any CPU.ActiveCfg = Debug|Any CPU
		{53F37F41-989B-4938-88F9-E80BBCC33FC1}.Debug|Any CPU.Build.0 = Debug|Any CPU
		{53F37F41-989B-4938-88F9-E80BBCC33FC1}.Release|Any CPU.ActiveCfg = Release|Any CPU
		{53F37F41-989B-4938-88F9-E80BBCC33FC1}.Release|Any CPU.Build.0 = Release|Any CPU
	EndGlobalSection
EndGlobal
