
Microsoft Visual Studio Solution File, Format Version 12.00
# Visual Studio Version 17
VisualStudioVersion = 17.3.32825.248
MinimumVisualStudioVersion = 10.0.40219.1
Project("{9A19103F-16F7-4668-BE54-9A1E7A4F7556}") = "TotalCommander", "TotalCommander\TotalCommander.csproj", "{56344E1F-6D75-4591-BFBE-F9AD4943586A}"
EndProject
Project("{FAE04EC0-301F-11D3-BF4B-00C04F79EFBC}") = "TotalCommanderUnit", "TotalCommanderUnit\TotalCommanderUnit.csproj", "{9FA722A3-AE1C-4DB0-8B2F-78F425714FCF}"
EndProject
Global
	GlobalSection(SolutionConfigurationPlatforms) = preSolution
		Debug|Any CPU = Debug|Any CPU
		Release|Any CPU = Release|Any CPU
	EndGlobalSection
	GlobalSection(ProjectConfigurationPlatforms) = postSolution
		{56344E1F-6D75-4591-BFBE-F9AD4943586A}.Debug|Any CPU.ActiveCfg = Debug|Any CPU
		{56344E1F-6D75-4591-BFBE-F9AD4943586A}.Debug|Any CPU.Build.0 = Debug|Any CPU
		{56344E1F-6D75-4591-BFBE-F9AD4943586A}.Release|Any CPU.ActiveCfg = Release|Any CPU
		{56344E1F-6D75-4591-BFBE-F9AD4943586A}.Release|Any CPU.Build.0 = Release|Any CPU
		{9FA722A3-AE1C-4DB0-8B2F-78F425714FCF}.Debug|Any CPU.ActiveCfg = Debug|Any CPU
		{9FA722A3-AE1C-4DB0-8B2F-78F425714FCF}.Debug|Any CPU.Build.0 = Debug|Any CPU
		{9FA722A3-AE1C-4DB0-8B2F-78F425714FCF}.Release|Any CPU.ActiveCfg = Release|Any CPU
		{9FA722A3-AE1C-4DB0-8B2F-78F425714FCF}.Release|Any CPU.Build.0 = Release|Any CPU
	EndGlobalSection
	GlobalSection(SolutionProperties) = preSolution
		HideSolutionNode = FALSE
	EndGlobalSection
	GlobalSection(ExtensibilityGlobals) = postSolution
		SolutionGuid = {D2178498-59C1-4826-A163-D90D498E8688}
	EndGlobalSection
EndGlobal
