
Microsoft Visual Studio Solution File, Format Version 12.00
# Visual Studio Version 17
VisualStudioVersion = 17.3.32825.248
MinimumVisualStudioVersion = 10.0.40219.1
Project("{9A19103F-16F7-4668-BE54-9A1E7A4F7556}") = "Task1", "Task1\Task1.csproj", "{3359233C-1967-4A3A-AEDB-996EF724CD36}"
EndProject
Project("{9A19103F-16F7-4668-BE54-9A1E7A4F7556}") = "Task2", "Task2\Task2.csproj", "{7572A419-8FF0-4514-B292-2004CE19FE68}"
EndProject
Project("{9A19103F-16F7-4668-BE54-9A1E7A4F7556}") = "Task3", "Task3\Task3.csproj", "{C57BDA89-8B1F-449E-8DA2-8B3C7145F32B}"
EndProject
Project("{9A19103F-16F7-4668-BE54-9A1E7A4F7556}") = "Task4", "Task4\Task4.csproj", "{692B2BB3-AF9F-403A-AF92-F2717A069490}"
EndProject
Project("{9A19103F-16F7-4668-BE54-9A1E7A4F7556}") = "Task5", "Task5\Task5.csproj", "{34E616CE-50A1-44C6-8CFC-D097F633EE33}"
EndProject
Project("{FAE04EC0-301F-11D3-BF4B-00C04F79EFBC}") = "Task6", "Task6\Task6.csproj", "{199B2F2E-8081-4A72-B702-1D79C490544D}"
EndProject
Global
	GlobalSection(SolutionConfigurationPlatforms) = preSolution
		Debug|Any CPU = Debug|Any CPU
		Release|Any CPU = Release|Any CPU
	EndGlobalSection
	GlobalSection(ProjectConfigurationPlatforms) = postSolution
		{3359233C-1967-4A3A-AEDB-996EF724CD36}.Debug|Any CPU.ActiveCfg = Debug|Any CPU
		{3359233C-1967-4A3A-AEDB-996EF724CD36}.Debug|Any CPU.Build.0 = Debug|Any CPU
		{3359233C-1967-4A3A-AEDB-996EF724CD36}.Release|Any CPU.ActiveCfg = Release|Any CPU
		{3359233C-1967-4A3A-AEDB-996EF724CD36}.Release|Any CPU.Build.0 = Release|Any CPU
		{7572A419-8FF0-4514-B292-2004CE19FE68}.Debug|Any CPU.ActiveCfg = Debug|Any CPU
		{7572A419-8FF0-4514-B292-2004CE19FE68}.Debug|Any CPU.Build.0 = Debug|Any CPU
		{7572A419-8FF0-4514-B292-2004CE19FE68}.Release|Any CPU.ActiveCfg = Release|Any CPU
		{7572A419-8FF0-4514-B292-2004CE19FE68}.Release|Any CPU.Build.0 = Release|Any CPU
		{C57BDA89-8B1F-449E-8DA2-8B3C7145F32B}.Debug|Any CPU.ActiveCfg = Debug|Any CPU
		{C57BDA89-8B1F-449E-8DA2-8B3C7145F32B}.Debug|Any CPU.Build.0 = Debug|Any CPU
		{C57BDA89-8B1F-449E-8DA2-8B3C7145F32B}.Release|Any CPU.ActiveCfg = Release|Any CPU
		{C57BDA89-8B1F-449E-8DA2-8B3C7145F32B}.Release|Any CPU.Build.0 = Release|Any CPU
		{692B2BB3-AF9F-403A-AF92-F2717A069490}.Debug|Any CPU.ActiveCfg = Debug|Any CPU
		{692B2BB3-AF9F-403A-AF92-F2717A069490}.Debug|Any CPU.Build.0 = Debug|Any CPU
		{692B2BB3-AF9F-403A-AF92-F2717A069490}.Release|Any CPU.ActiveCfg = Release|Any CPU
		{692B2BB3-AF9F-403A-AF92-F2717A069490}.Release|Any CPU.Build.0 = Release|Any CPU
		{34E616CE-50A1-44C6-8CFC-D097F633EE33}.Debug|Any CPU.ActiveCfg = Debug|Any CPU
		{34E616CE-50A1-44C6-8CFC-D097F633EE33}.Debug|Any CPU.Build.0 = Debug|Any CPU
		{34E616CE-50A1-44C6-8CFC-D097F633EE33}.Release|Any CPU.ActiveCfg = Release|Any CPU
		{34E616CE-50A1-44C6-8CFC-D097F633EE33}.Release|Any CPU.Build.0 = Release|Any CPU
		{199B2F2E-8081-4A72-B702-1D79C490544D}.Debug|Any CPU.ActiveCfg = Debug|Any CPU
		{199B2F2E-8081-4A72-B702-1D79C490544D}.Debug|Any CPU.Build.0 = Debug|Any CPU
		{199B2F2E-8081-4A72-B702-1D79C490544D}.Release|Any CPU.ActiveCfg = Release|Any CPU
		{199B2F2E-8081-4A72-B702-1D79C490544D}.Release|Any CPU.Build.0 = Release|Any CPU
	EndGlobalSection
	GlobalSection(SolutionProperties) = preSolution
		HideSolutionNode = FALSE
	EndGlobalSection
	GlobalSection(ExtensibilityGlobals) = postSolution
		SolutionGuid = {0F291D58-EB87-49EF-A619-0CECA7DCC881}
	EndGlobalSection
EndGlobal
